// !$*UTF8*$!
{
	archiveVersion = 1;
	classes = {
	};
	objectVersion = 48;
	objects = {

/* Begin PBXBuildFile section */
		800628CC211F8EAD00C2FDF7 /* AppDelegate.swift in Sources */ = {isa = PBXBuildFile; fileRef = 800628CB211F8EAD00C2FDF7 /* AppDelegate.swift */; };
		800628CE211F8EAD00C2FDF7 /* ViewController.swift in Sources */ = {isa = PBXBuildFile; fileRef = 800628CD211F8EAD00C2FDF7 /* ViewController.swift */; };
		800628D1211F8EAD00C2FDF7 /* Main.storyboard in Resources */ = {isa = PBXBuildFile; fileRef = 800628CF211F8EAD00C2FDF7 /* Main.storyboard */; };
		800628D3211F8EAD00C2FDF7 /* Assets.xcassets in Resources */ = {isa = PBXBuildFile; fileRef = 800628D2211F8EAD00C2FDF7 /* Assets.xcassets */; };
		800628D6211F8EAE00C2FDF7 /* LaunchScreen.storyboard in Resources */ = {isa = PBXBuildFile; fileRef = 800628D4211F8EAE00C2FDF7 /* LaunchScreen.storyboard */; };
		800628DF211F8F5D00C2FDF7 /* RestaurantesTableViewController.swift in Sources */ = {isa = PBXBuildFile; fileRef = 800628DE211F8F5D00C2FDF7 /* RestaurantesTableViewController.swift */; };
/* End PBXBuildFile section */

/* Begin PBXFileReference section */
		800628C8211F8EAD00C2FDF7 /* customTableView.app */ = {isa = PBXFileReference; explicitFileType = wrapper.application; includeInIndex = 0; path = customTableView.app; sourceTree = BUILT_PRODUCTS_DIR; };
		800628CB211F8EAD00C2FDF7 /* AppDelegate.swift */ = {isa = PBXFileReference; lastKnownFileType = sourcecode.swift; path = AppDelegate.swift; sourceTree = "<group>"; };
		800628CD211F8EAD00C2FDF7 /* ViewController.swift */ = {isa = PBXFileReference; lastKnownFileType = sourcecode.swift; path = ViewController.swift; sourceTree = "<group>"; };
		800628D0211F8EAD00C2FDF7 /* Base */ = {isa = PBXFileReference; lastKnownFileType = file.storyboard; name = Base; path = Base.lproj/Main.storyboard; sourceTree = "<group>"; };
		800628D2211F8EAD00C2FDF7 /* Assets.xcassets */ = {isa = PBXFileReference; lastKnownFileType = folder.assetcatalog; path = Assets.xcassets; sourceTree = "<group>"; };
		800628D5211F8EAE00C2FDF7 /* Base */ = {isa = PBXFileReference; lastKnownFileType = file.storyboard; name = Base; path = Base.lproj/LaunchScreen.storyboard; sourceTree = "<group>"; };
		800628D7211F8EAE00C2FDF7 /* Info.plist */ = {isa = PBXFileReference; lastKnownFileType = text.plist.xml; path = Info.plist; sourceTree = "<group>"; };
		800628DE211F8F5D00C2FDF7 /* RestaurantesTableViewController.swift */ = {isa = PBXFileReference; lastKnownFileType = sourcecode.swift; path = RestaurantesTableViewController.swift; sourceTree = "<group>"; };
/* End PBXFileReference section */

/* Begin PBXFrameworksBuildPhase section */
		800628C5211F8EAD00C2FDF7 /* Frameworks */ = {
			isa = PBXFrameworksBuildPhase;
			buildActionMask = 2147483647;
			files = (
			);
			runOnlyForDeploymentPostprocessing = 0;
		};
/* End PBXFrameworksBuildPhase section */

/* Begin PBXGroup section */
		800628BF211F8EAD00C2FDF7 = {
			isa = PBXGroup;
			children = (
				800628CA211F8EAD00C2FDF7 /* customTableView */,
				800628C9211F8EAD00C2FDF7 /* Products */,
			);
			sourceTree = "<group>";
		};
		800628C9211F8EAD00C2FDF7 /* Products */ = {
			isa = PBXGroup;
			children = (
				800628C8211F8EAD00C2FDF7 /* customTableView.app */,
			);
			name = Products;
			sourceTree = "<group>";
		};
		800628CA211F8EAD00C2FDF7 /* customTableView */ = {
			isa = PBXGroup;
			children = (
				800628DD211F8EE600C2FDF7 /* Controllers */,
				800628CB211F8EAD00C2FDF7 /* AppDelegate.swift */,
				800628CD211F8EAD00C2FDF7 /* ViewController.swift */,
				800628CF211F8EAD00C2FDF7 /* Main.storyboard */,
				800628D2211F8EAD00C2FDF7 /* Assets.xcassets */,
				800628D4211F8EAE00C2FDF7 /* LaunchScreen.storyboard */,
				800628D7211F8EAE00C2FDF7 /* Info.plist */,
			);
			path = customTableView;
			sourceTree = "<group>";
		};
		800628DD211F8EE600C2FDF7 /* Controllers */ = {
			isa = PBXGroup;
			children = (
				800628DE211F8F5D00C2FDF7 /* RestaurantesTableViewController.swift */,
			);
			path = Controllers;
			sourceTree = "<group>";
		};
/* End PBXGroup section */

/* Begin PBXNativeTarget section */
		800628C7211F8EAD00C2FDF7 /* customTableView */ = {
			isa = PBXNativeTarget;
			buildConfigurationList = 800628DA211F8EAE00C2FDF7 /* Build configuration list for PBXNativeTarget "customTableView" */;
			buildPhases = (
				800628C4211F8EAD00C2FDF7 /* Sources */,
				800628C5211F8EAD00C2FDF7 /* Frameworks */,
				800628C6211F8EAD00C2FDF7 /* Resources */,
			);
			buildRules = (
			);
			dependencies = (
			);
			name = customTableView;
			productName = customTableView;
			productReference = 800628C8211F8EAD00C2FDF7 /* customTableView.app */;
			productType = "com.apple.product-type.application";
		};
/* End PBXNativeTarget section */

/* Begin PBXProject section */
		800628C0211F8EAD00C2FDF7 /* Project object */ = {
			isa = PBXProject;
			attributes = {
				LastSwiftUpdateCheck = 0910;
				LastUpgradeCheck = 0910;
				ORGANIZATIONNAME = "Carlos Ceron";
				TargetAttributes = {
					800628C7211F8EAD00C2FDF7 = {
						CreatedOnToolsVersion = 9.1;
						ProvisioningStyle = Automatic;
					};
				};
			};
			buildConfigurationList = 800628C3211F8EAD00C2FDF7 /* Build configuration list for PBXProject "customTableView" */;
			compatibilityVersion = "Xcode 8.0";
			developmentRegion = en;
			hasScannedForEncodings = 0;
			knownRegions = (
				en,
				Base,
			);
			mainGroup = 800628BF211F8EAD00C2FDF7;
			productRefGroup = 800628C9211F8EAD00C2FDF7 /* Products */;
			projectDirPath = "";
			projectRoot = "";
			targets = (
				800628C7211F8EAD00C2FDF7 /* customTableView */,
			);
		};
/* End PBXProject section */

/* Begin PBXResourcesBuildPhase section */
		800628C6211F8EAD00C2FDF7 /* Resources */ = {
			isa = PBXResourcesBuildPhase;
			buildActionMask = 2147483647;
			files = (
				800628D6211F8EAE00C2FDF7 /* LaunchScreen.storyboard in Resources */,
				800628D3211F8EAD00C2FDF7 /* Assets.xcassets in Resources */,
				800628D1211F8EAD00C2FDF7 /* Main.storyboard in Resources */,
			);
			runOnlyForDeploymentPostprocessing = 0;
		};
/* End PBXResourcesBuildPhase section */

/* Begin PBXSourcesBuildPhase section */
		800628C4211F8EAD00C2FDF7 /* Sources */ = {
			isa = PBXSourcesBuildPhase;
			buildActionMask = 2147483647;
			files = (
				800628CE211F8EAD00C2FDF7 /* ViewController.swift in Sources */,
				800628CC211F8EAD00C2FDF7 /* AppDelegate.swift in Sources */,
				800628DF211F8F5D00C2FDF7 /* RestaurantesTableViewController.swift in Sources */,
			);
			runOnlyForDeploymentPostprocessing = 0;
		};
/* End PBXSourcesBuildPhase section */

/* Begin PBXVariantGroup section */
		800628CF211F8EAD00C2FDF7 /* Main.storyboard */ = {
			isa = PBXVariantGroup;
			children = (
				800628D0211F8EAD00C2FDF7 /* Base */,
			);
			name = Main.storyboard;
			sourceTree = "<group>";
		};
		800628D4211F8EAE00C2FDF7 /* LaunchScreen.storyboard */ = {
			isa = PBXVariantGroup;
			children = (
				800628D5211F8EAE00C2FDF7 /* Base */,
			);
			name = LaunchScreen.storyboard;
			sourceTree = "<group>";
		};
/* End PBXVariantGroup section */

/* Begin XCBuildConfiguration section */
		800628D8211F8EAE00C2FDF7 /* Debug */ = {
			isa = XCBuildConfiguration;
			buildSettings = {
				ALWAYS_SEARCH_USER_PATHS = NO;
				CLANG_ANALYZER_NONNULL = YES;
				CLANG_ANALYZER_NUMBER_OBJECT_CONVERSION = YES_AGGRESSIVE;
				CLANG_CXX_LANGUAGE_STANDARD = "gnu++14";
				CLANG_CXX_LIBRARY = "libc++";
				CLANG_ENABLE_MODULES = YES;
				CLANG_ENABLE_OBJC_ARC = YES;
				CLANG_WARN_BLOCK_CAPTURE_AUTORELEASING = YES;
				CLANG_WARN_BOOL_CONVERSION = YES;
				CLANG_WARN_COMMA = YES;
				CLANG_WARN_CONSTANT_CONVERSION = YES;
				CLANG_WARN_DIRECT_OBJC_ISA_USAGE = YES_ERROR;
				CLANG_WARN_DOCUMENTATION_COMMENTS = YES;
				CLANG_WARN_EMPTY_BODY = YES;
				CLANG_WARN_ENUM_CONVERSION = YES;
				CLANG_WARN_INFINITE_RECURSION = YES;
				CLANG_WARN_INT_CONVERSION = YES;
				CLANG_WARN_NON_LITERAL_NULL_CONVERSION = YES;
				CLANG_WARN_OBJC_LITERAL_CONVERSION = YES;
				CLANG_WARN_OBJC_ROOT_CLASS = YES_ERROR;
				CLANG_WARN_RANGE_LOOP_ANALYSIS = YES;
				CLANG_WARN_STRICT_PROTOTYPES = YES;
				CLANG_WARN_SUSPICIOUS_MOVE = YES;
				CLANG_WARN_UNGUARDED_AVAILABILITY = YES_AGGRESSIVE;
				CLANG_WARN_UNREACHABLE_CODE = YES;
				CLANG_WARN__DUPLICATE_METHOD_MATCH = YES;
				CODE_SIGN_IDENTITY = "iPhone Developer";
				COPY_PHASE_STRIP = NO;
				DEBUG_INFORMATION_FORMAT = dwarf;
				ENABLE_STRICT_OBJC_MSGSEND = YES;
				ENABLE_TESTABILITY = YES;
				GCC_C_LANGUAGE_STANDARD = gnu11;
				GCC_DYNAMIC_NO_PIC = NO;
				GCC_NO_COMMON_BLOCKS = YES;
				GCC_OPTIMIZATION_LEVEL = 0;
				GCC_PREPROCESSOR_DEFINITIONS = (
					"DEBUG=1",
					"$(inherited)",
				);
				GCC_WARN_64_TO_32_BIT_CONVERSION = YES;
				GCC_WARN_ABOUT_RETURN_TYPE = YES_ERROR;
				GCC_WARN_UNDECLARED_SELECTOR = YES;
				GCC_WARN_UNINITIALIZED_AUTOS = YES_AGGRESSIVE;
				GCC_WARN_UNUSED_FUNCTION = YES;
				GCC_WARN_UNUSED_VARIABLE = YES;
				IPHONEOS_DEPLOYMENT_TARGET = 11.1;
				MTL_ENABLE_DEBUG_INFO = YES;
				ONLY_ACTIVE_ARCH = YES;
				SDKROOT = iphoneos;
				SWIFT_ACTIVE_COMPILATION_CONDITIONS = DEBUG;
				SWIFT_OPTIMIZATION_LEVEL = "-Onone";
			};
			name = Debug;
		};
		800628D9211F8EAE00C2FDF7 /* Release */ = {
			isa = XCBuildConfiguration;
			buildSettings = {
				ALWAYS_SEARCH_USER_PATHS = NO;
				CLANG_ANALYZER_NONNULL = YES;
				CLANG_ANALYZER_NUMBER_OBJECT_CONVERSION = YES_AGGRESSIVE;
				CLANG_CXX_LANGUAGE_STANDARD = "gnu++14";
				CLANG_CXX_LIBRARY = "libc++";
				CLANG_ENABLE_MODULES = YES;
				CLANG_ENABLE_OBJC_ARC = YES;
				CLANG_WARN_BLOCK_CAPTURE_AUTORELEASING = YES;
				CLANG_WARN_BOOL_CONVERSION = YES;
				CLANG_WARN_COMMA = YES;
				CLANG_WARN_CONSTANT_CONVERSION = YES;
				CLANG_WARN_DIRECT_OBJC_ISA_USAGE = YES_ERROR;
				CLANG_WARN_DOCUMENTATION_COMMENTS = YES;
				CLANG_WARN_EMPTY_BODY = YES;
				CLANG_WARN_ENUM_CONVERSION = YES;
				CLANG_WARN_INFINITE_RECURSION = YES;
				CLANG_WARN_INT_CONVERSION = YES;
				CLANG_WARN_NON_LITERAL_NULL_CONVERSION = YES;
				CLANG_WARN_OBJC_LITERAL_CONVERSION = YES;
				CLANG_WARN_OBJC_ROOT_CLASS = YES_ERROR;
				CLANG_WARN_RANGE_LOOP_ANALYSIS = YES;
				CLANG_WARN_STRICT_PROTOTYPES = YES;
				CLANG_WARN_SUSPICIOUS_MOVE = YES;
				CLANG_WARN_UNGUARDED_AVAILABILITY = YES_AGGRESSIVE;
				CLANG_WARN_UNREACHABLE_CODE = YES;
				CLANG_WARN__DUPLICATE_METHOD_MATCH = YES;
				CODE_SIGN_IDENTITY = "iPhone Developer";
				COPY_PHASE_STRIP = NO;
				DEBUG_INFORMATION_FORMAT = "dwarf-with-dsym";
				ENABLE_NS_ASSERTIONS = NO;
				ENABLE_STRICT_OBJC_MSGSEND = YES;
				GCC_C_LANGUAGE_STANDARD = gnu11;
				GCC_NO_COMMON_BLOCKS = YES;
				GCC_WARN_64_TO_32_BIT_CONVERSION = YES;
				GCC_WARN_ABOUT_RETURN_TYPE = YES_ERROR;
				GCC_WARN_UNDECLARED_SELECTOR = YES;
				GCC_WARN_UNINITIALIZED_AUTOS = YES_AGGRESSIVE;
				GCC_WARN_UNUSED_FUNCTION = YES;
				GCC_WARN_UNUSED_VARIABLE = YES;
				IPHONEOS_DEPLOYMENT_TARGET = 11.1;
				MTL_ENABLE_DEBUG_INFO = NO;
				SDKROOT = iphoneos;
				SWIFT_OPTIMIZATION_LEVEL = "-Owholemodule";
				VALIDATE_PRODUCT = YES;
			};
			name = Release;
		};
		800628DB211F8EAE00C2FDF7 /* Debug */ = {
			isa = XCBuildConfiguration;
			buildSettings = {
				ASSETCATALOG_COMPILER_APPICON_NAME = AppIcon;
				CODE_SIGN_STYLE = Automatic;
				DEVELOPMENT_TEAM = H7K9V4CLE2;
				INFOPLIST_FILE = customTableView/Info.plist;
				LD_RUNPATH_SEARCH_PATHS = "$(inherited) @executable_path/Frameworks";
				PRODUCT_BUNDLE_IDENTIFIER = com.carlosceron.customTableView;
				PRODUCT_NAME = "$(TARGET_NAME)";
				SWIFT_VERSION = 4.0;
				TARGETED_DEVICE_FAMILY = "1,2";
			};
			name = Debug;
		};
		800628DC211F8EAE00C2FDF7 /* Release */ = {
			isa = XCBuildConfiguration;
			buildSettings = {
				ASSETCATALOG_COMPILER_APPICON_NAME = AppIcon;
				CODE_SIGN_STYLE = Automatic;
				DEVELOPMENT_TEAM = H7K9V4CLE2;
				INFOPLIST_FILE = customTableView/Info.plist;
				LD_RUNPATH_SEARCH_PATHS = "$(inherited) @executable_path/Frameworks";
				PRODUCT_BUNDLE_IDENTIFIER = com.carlosceron.customTableView;
				PRODUCT_NAME = "$(TARGET_NAME)";
				SWIFT_VERSION = 4.0;
				TARGETED_DEVICE_FAMILY = "1,2";
			};
			name = Release;
		};
/* End XCBuildConfiguration section */

/* Begin XCConfigurationList section */
		800628C3211F8EAD00C2FDF7 /* Build configuration list for PBXProject "customTableView" */ = {
			isa = XCConfigurationList;
			buildConfigurations = (
				800628D8211F8EAE00C2FDF7 /* Debug */,
				800628D9211F8EAE00C2FDF7 /* Release */,
			);
			defaultConfigurationIsVisible = 0;
			defaultConfigurationName = Release;
		};
		800628DA211F8EAE00C2FDF7 /* Build configuration list for PBXNativeTarget "customTableView" */ = {
			isa = XCConfigurationList;
			buildConfigurations = (
				800628DB211F8EAE00C2FDF7 /* Debug */,
				800628DC211F8EAE00C2FDF7 /* Release */,
			);
			defaultConfigurationIsVisible = 0;
			defaultConfigurationName = Release;
		};
/* End XCConfigurationList section */
	};
	rootObject = 800628C0211F8EAD00C2FDF7 /* Project object */;
}
